{
    "_readme": [
        "This file locks the dependencies of your project to a known state",
        "Read more about it at https://getcomposer.org/doc/01-basic-usage.md#composer-lock-the-lock-file",
        "This file is @generated automatically"
    ],
    "hash": "3c88b185ce2253f02557929a2654d118",
    "content-hash": "4a343a324ee91ccb278dccdb4dd1f6ad",
    "packages": [
        {
            "name": "freemius/wordpress-sdk",
            "version": "1.2.1.5",
            "source": {
                "type": "git",
                "url": "https://github.com/Freemius/wordpress-sdk.git",
                "reference": "0c132a52b69dd6bc160112d2cf7399702d95599b"
            },
            "dist": {
                "type": "zip",
                "url": "https://api.github.com/repos/Freemius/wordpress-sdk/zipball/0c132a52b69dd6bc160112d2cf7399702d95599b",
                "reference": "0c132a52b69dd6bc160112d2cf7399702d95599b",
                "shasum": ""
            },
            "require": {
                "php": ">=5.2"
            },
            "type": "library",
            "license": [
                "GPL-2.0+"
            ],
            "description": "Freemius WordPress SDK",
            "homepage": "https://freemius.com",
            "keywords": [
                "freemius",
                "plugin",
                "sdk",
                "wordpress"
            ],
            "support": {
                "source": "https://github.com/Freemius/wordpress-sdk/tree/1.2.1.5",
                "issues": "https://github.com/Freemius/wordpress-sdk/issues"
            },
            "time": "2016-12-13 01:17:43"
        },
        {
            "name": "mexitek/phpcolors",
            "version": "v0.4",
            "source": {
                "type": "git",
                "url": "https://github.com/mexitek/phpColors.git",
                "reference": "89bf30473a68dc8845e46e9db3e536b969e18c11"
            },
            "dist": {
                "type": "zip",
                "url": "https://api.github.com/repos/mexitek/phpColors/zipball/89bf30473a68dc8845e46e9db3e536b969e18c11",
                "reference": "89bf30473a68dc8845e46e9db3e536b969e18c11",
                "shasum": ""
            },
            "require": {
                "php": ">=5.3.0"
            },
            "type": "library",
            "autoload": {
                "classmap": [
                    "src"
                ]
            },
            "notification-url": "https://packagist.org/downloads/",
            "license": [
                "MIT"
            ],
            "authors": [
                {
                    "name": "Arlo Carreon",
                    "homepage": "http://arlocarreon.com",
                    "role": "creator"
                }
            ],
            "description": "A series of methods that let you manipulate colors. Just incase you ever need different shades of one color on the fly.",
            "homepage": "http://mexitek.github.com/phpColors/",
            "keywords": [
                "color",
                "css",
                "design",
                "frontend",
                "ui"
            ],
            "time": "2015-09-09 15:43:06"
        },
        {
            "name": "proteusthemes/wai-aria-walker-nav-menu",
            "version": "v1.2.1",
            "source": {
                "type": "git",
                "url": "https://github.com/proteusthemes/WAI-ARIA-Walker_Nav_Menu.git",
                "reference": "094b11d8e77143e29f337d128f892f15bab3ef92"
            },
            "dist": {
                "type": "zip",
                "url": "https://api.github.com/repos/proteusthemes/WAI-ARIA-Walker_Nav_Menu/zipball/094b11d8e77143e29f337d128f892f15bab3ef92",
                "reference": "094b11d8e77143e29f337d128f892f15bab3ef92",
                "shasum": ""
            },
            "type": "library",
            "autoload": {
                "classmap": [
                    "aria-walker-nav-menu.php"
                ]
            },
            "notification-url": "https://packagist.org/downloads/",
            "license": [
                "GPLv2"
            ],
            "authors": [
                {
                    "name": "Primoz Cigler",
                    "email": "primoz@proteusnet.com"
                },
                {
                    "name": "Marko Prelec",
                    "email": "marko.prelec@proteusnet.com"
                }
            ],
            "description": "WordPress menu walker which adds appropriate WIA-ARIA roles to dropdown menus.",
            "time": "2016-05-18 18:48:49"
        },
        {
            "name": "proteusthemes/wp-customizer-utilities",
            "version": "v2.3.1",
            "source": {
                "type": "git",
                "url": "https://github.com/proteusthemes/wp-customizer-utilities.git",
                "reference": "8daed5e24b1de232535205a8fb6c18d1ad538273"
            },
            "dist": {
                "type": "zip",
                "url": "https://api.github.com/repos/proteusthemes/wp-customizer-utilities/zipball/8daed5e24b1de232535205a8fb6c18d1ad538273",
                "reference": "8daed5e24b1de232535205a8fb6c18d1ad538273",
                "shasum": ""
            },
            "require": {
                "mexitek/phpcolors": "^0.4.0"
            },
            "type": "library",
            "autoload": {
                "psr-4": {
                    "ProteusThemes\\CustomizerUtils\\": "src/"
                }
            },
            "notification-url": "https://packagist.org/downloads/",
            "license": [
                "GPL-2.0+"
            ],
            "authors": [
                {
                    "name": "Primoz Cigler",
                    "email": "primoz@proteusnet.com"
                },
                {
                    "name": "Gregor Capuder",
                    "email": "gregor.capuder@proteusnet.com"
                }
            ],
            "description": "Advanced WordPress customizer controls and settings for better user experience.",
            "keywords": [
                "control",
                "customizer",
                "proteusthemes",
                "theme",
                "wordpress",
                "wp"
            ],
            "time": "2017-01-20 09:57:16"
        }
    ],
    "packages-dev": [],
    "aliases": [],
    "minimum-stability": "stable",
    "stability-flags": [],
    "prefer-stable": false,
    "prefer-lowest": false,
    "platform": [],
    "platform-dev": []
}
